// !$*UTF8*$!
{
	archiveVersion = 1;
	classes = {
	};
	objectVersion = 50;
	objects = {

/* Begin PBXBuildFile section */
		CE61D28E262DB652001176B7 /* SecondViewController.swift in Sources */ = {isa = PBXBuildFile; fileRef = CE61D28D262DB652001176B7 /* SecondViewController.swift */; };
		CE8AE57B262DB18A00AA9E5C /* AppDelegate.swift in Sources */ = {isa = PBXBuildFile; fileRef = CE8AE57A262DB18A00AA9E5C /* AppDelegate.swift */; };
		CE8AE57D262DB18A00AA9E5C /* SceneDelegate.swift in Sources */ = {isa = PBXBuildFile; fileRef = CE8AE57C262DB18A00AA9E5C /* SceneDelegate.swift */; };
		CE8AE57F262DB18A00AA9E5C /* ViewController.swift in Sources */ = {isa = PBXBuildFile; fileRef = CE8AE57E262DB18A00AA9E5C /* ViewController.swift */; };
		CE8AE582262DB18A00AA9E5C /* Main.storyboard in Resources */ = {isa = PBXBuildFile; fileRef = CE8AE580262DB18A00AA9E5C /* Main.storyboard */; };
		CE8AE584262DB18A00AA9E5C /* Assets.xcassets in Resources */ = {isa = PBXBuildFile; fileRef = CE8AE583262DB18A00AA9E5C /* Assets.xcassets */; };
		CE8AE587262DB18A00AA9E5C /* LaunchScreen.storyboard in Resources */ = {isa = PBXBuildFile; fileRef = CE8AE585262DB18A00AA9E5C /* LaunchScreen.storyboard */; };
/* End PBXBuildFile section */

/* Begin PBXFileReference section */
		CE61D28D262DB652001176B7 /* SecondViewController.swift */ = {isa = PBXFileReference; lastKnownFileType = sourcecode.swift; path = SecondViewController.swift; sourceTree = "<group>"; };
		CE8AE577262DB18A00AA9E5C /* SignUpWindow.app */ = {isa = PBXFileReference; explicitFileType = wrapper.application; includeInIndex = 0; path = SignUpWindow.app; sourceTree = BUILT_PRODUCTS_DIR; };
		CE8AE57A262DB18A00AA9E5C /* AppDelegate.swift */ = {isa = PBXFileReference; lastKnownFileType = sourcecode.swift; path = AppDelegate.swift; sourceTree = "<group>"; };
		CE8AE57C262DB18A00AA9E5C /* SceneDelegate.swift */ = {isa = PBXFileReference; lastKnownFileType = sourcecode.swift; path = SceneDelegate.swift; sourceTree = "<group>"; };
		CE8AE57E262DB18A00AA9E5C /* ViewController.swift */ = {isa = PBXFileReference; lastKnownFileType = sourcecode.swift; path = ViewController.swift; sourceTree = "<group>"; };
		CE8AE581262DB18A00AA9E5C /* Base */ = {isa = PBXFileReference; lastKnownFileType = file.storyboard; name = Base; path = Base.lproj/Main.storyboard; sourceTree = "<group>"; };
		CE8AE583262DB18A00AA9E5C /* Assets.xcassets */ = {isa = PBXFileReference; lastKnownFileType = folder.assetcatalog; path = Assets.xcassets; sourceTree = "<group>"; };
		CE8AE586262DB18A00AA9E5C /* Base */ = {isa = PBXFileReference; lastKnownFileType = file.storyboard; name = Base; path = Base.lproj/LaunchScreen.storyboard; sourceTree = "<group>"; };
		CE8AE588262DB18A00AA9E5C /* Info.plist */ = {isa = PBXFileReference; lastKnownFileType = text.plist.xml; path = Info.plist; sourceTree = "<group>"; };
/* End PBXFileReference section */

/* Begin PBXFrameworksBuildPhase section */
		CE8AE574262DB18A00AA9E5C /* Frameworks */ = {
			isa = PBXFrameworksBuildPhase;
			buildActionMask = 2147483647;
			files = (
			);
			runOnlyForDeploymentPostprocessing = 0;
		};
/* End PBXFrameworksBuildPhase section */

/* Begin PBXGroup section */
		CE8AE56E262DB18A00AA9E5C = {
			isa = PBXGroup;
			children = (
				CE8AE579262DB18A00AA9E5C /* SignUpWindow */,
				CE8AE578262DB18A00AA9E5C /* Products */,
			);
			sourceTree = "<group>";
		};
		CE8AE578262DB18A00AA9E5C /* Products */ = {
			isa = PBXGroup;
			children = (
				CE8AE577262DB18A00AA9E5C /* SignUpWindow.app */,
			);
			name = Products;
			sourceTree = "<group>";
		};
		CE8AE579262DB18A00AA9E5C /* SignUpWindow */ = {
			isa = PBXGroup;
			children = (
				CE8AE57A262DB18A00AA9E5C /* AppDelegate.swift */,
				CE8AE57C262DB18A00AA9E5C /* SceneDelegate.swift */,
				CE8AE57E262DB18A00AA9E5C /* ViewController.swift */,
				CE8AE580262DB18A00AA9E5C /* Main.storyboard */,
				CE61D28D262DB652001176B7 /* SecondViewController.swift */,
				CE8AE583262DB18A00AA9E5C /* Assets.xcassets */,
				CE8AE585262DB18A00AA9E5C /* LaunchScreen.storyboard */,
				CE8AE588262DB18A00AA9E5C /* Info.plist */,
			);
			path = SignUpWindow;
			sourceTree = "<group>";
		};
/* End PBXGroup section */

/* Begin PBXNativeTarget section */
		CE8AE576262DB18A00AA9E5C /* SignUpWindow */ = {
			isa = PBXNativeTarget;
			buildConfigurationList = CE8AE58B262DB18A00AA9E5C /* Build configuration list for PBXNativeTarget "SignUpWindow" */;
			buildPhases = (
				CE8AE573262DB18A00AA9E5C /* Sources */,
				CE8AE574262DB18A00AA9E5C /* Frameworks */,
				CE8AE575262DB18A00AA9E5C /* Resources */,
			);
			buildRules = (
			);
			dependencies = (
			);
			name = SignUpWindow;
			productName = SignUpWindow;
			productReference = CE8AE577262DB18A00AA9E5C /* SignUpWindow.app */;
			productType = "com.apple.product-type.application";
		};
/* End PBXNativeTarget section */

/* Begin PBXProject section */
		CE8AE56F262DB18A00AA9E5C /* Project object */ = {
			isa = PBXProject;
			attributes = {
				LastSwiftUpdateCheck = 1240;
				LastUpgradeCheck = 1240;
				TargetAttributes = {
					CE8AE576262DB18A00AA9E5C = {
						CreatedOnToolsVersion = 12.4;
					};
				};
			};
			buildConfigurationList = CE8AE572262DB18A00AA9E5C /* Build configuration list for PBXProject "SignUpWindow" */;
			compatibilityVersion = "Xcode 9.3";
			developmentRegion = en;
			hasScannedForEncodings = 0;
			knownRegions = (
				en,
				Base,
			);
			mainGroup = CE8AE56E262DB18A00AA9E5C;
			productRefGroup = CE8AE578262DB18A00AA9E5C /* Products */;
			projectDirPath = "";
			projectRoot = "";
			targets = (
				CE8AE576262DB18A00AA9E5C /* SignUpWindow */,
			);
		};
/* End PBXProject section */

/* Begin PBXResourcesBuildPhase section */
		CE8AE575262DB18A00AA9E5C /* Resources */ = {
			isa = PBXResourcesBuildPhase;
			buildActionMask = 2147483647;
			files = (
				CE8AE587262DB18A00AA9E5C /* LaunchScreen.storyboard in Resources */,
				CE8AE584262DB18A00AA9E5C /* Assets.xcassets in Resources */,
				CE8AE582262DB18A00AA9E5C /* Main.storyboard in Resources */,
			);
			runOnlyForDeploymentPostprocessing = 0;
		};
/* End PBXResourcesBuildPhase section */

/* Begin PBXSourcesBuildPhase section */
		CE8AE573262DB18A00AA9E5C /* Sources */ = {
			isa = PBXSourcesBuildPhase;
			buildActionMask = 2147483647;
			files = (
				CE61D28E262DB652001176B7 /* SecondViewController.swift in Sources */,
				CE8AE57F262DB18A00AA9E5C /* ViewController.swift in Sources */,
				CE8AE57B262DB18A00AA9E5C /* AppDelegate.swift in Sources */,
				CE8AE57D262DB18A00AA9E5C /* SceneDelegate.swift in Sources */,
			);
			runOnlyForDeploymentPostprocessing = 0;
		};
/* End PBXSourcesBuildPhase section */

/* Begin PBXVariantGroup section */
		CE8AE580262DB18A00AA9E5C /* Main.storyboard */ = {
			isa = PBXVariantGroup;
			children = (
				CE8AE581262DB18A00AA9E5C /* Base */,
			);
			name = Main.storyboard;
			sourceTree = "<group>";
		};
		CE8AE585262DB18A00AA9E5C /* LaunchScreen.storyboard */ = {
			isa = PBXVariantGroup;
			children = (
				CE8AE586262DB18A00AA9E5C /* Base */,
			);
			name = LaunchScreen.storyboard;
			sourceTree = "<group>";
		};
/* End PBXVariantGroup section */

/* Begin XCBuildConfiguration section */
		CE8AE589262DB18A00AA9E5C /* Debug */ = {
			isa = XCBuildConfiguration;
			buildSettings = {
				ALWAYS_SEARCH_USER_PATHS = NO;
				CLANG_ANALYZER_NONNULL = YES;
				CLANG_ANALYZER_NUMBER_OBJECT_CONVERSION = YES_AGGRESSIVE;
				CLANG_CXX_LANGUAGE_STANDARD = "gnu++14";
				CLANG_CXX_LIBRARY = "libc++";
				CLANG_ENABLE_MODULES = YES;
				CLANG_ENABLE_OBJC_ARC = YES;
				CLANG_ENABLE_OBJC_WEAK = YES;
				CLANG_WARN_BLOCK_CAPTURE_AUTORELEASING = YES;
				CLANG_WARN_BOOL_CONVERSION = YES;
				CLANG_WARN_COMMA = YES;
				CLANG_WARN_CONSTANT_CONVERSION = YES;
				CLANG_WARN_DEPRECATED_OBJC_IMPLEMENTATIONS = YES;
				CLANG_WARN_DIRECT_OBJC_ISA_USAGE = YES_ERROR;
				CLANG_WARN_DOCUMENTATION_COMMENTS = YES;
				CLANG_WARN_EMPTY_BODY = YES;
				CLANG_WARN_ENUM_CONVERSION = YES;
				CLANG_WARN_INFINITE_RECURSION = YES;
				CLANG_WARN_INT_CONVERSION = YES;
				CLANG_WARN_NON_LITERAL_NULL_CONVERSION = YES;
				CLANG_WARN_OBJC_IMPLICIT_RETAIN_SELF = YES;
				CLANG_WARN_OBJC_LITERAL_CONVERSION = YES;
				CLANG_WARN_OBJC_ROOT_CLASS = YES_ERROR;
				CLANG_WARN_QUOTED_INCLUDE_IN_FRAMEWORK_HEADER = YES;
				CLANG_WARN_RANGE_LOOP_ANALYSIS = YES;
				CLANG_WARN_STRICT_PROTOTYPES = YES;
				CLANG_WARN_SUSPICIOUS_MOVE = YES;
				CLANG_WARN_UNGUARDED_AVAILABILITY = YES_AGGRESSIVE;
				CLANG_WARN_UNREACHABLE_CODE = YES;
				CLANG_WARN__DUPLICATE_METHOD_MATCH = YES;
				COPY_PHASE_STRIP = NO;
				DEBUG_INFORMATION_FORMAT = dwarf;
				ENABLE_STRICT_OBJC_MSGSEND = YES;
				ENABLE_TESTABILITY = YES;
				GCC_C_LANGUAGE_STANDARD = gnu11;
				GCC_DYNAMIC_NO_PIC = NO;
				GCC_NO_COMMON_BLOCKS = YES;
				GCC_OPTIMIZATION_LEVEL = 0;
				GCC_PREPROCESSOR_DEFINITIONS = (
					"DEBUG=1",
					"$(inherited)",
				);
				GCC_WARN_64_TO_32_BIT_CONVERSION = YES;
				GCC_WARN_ABOUT_RETURN_TYPE = YES_ERROR;
				GCC_WARN_UNDECLARED_SELECTOR = YES;
				GCC_WARN_UNINITIALIZED_AUTOS = YES_AGGRESSIVE;
				GCC_WARN_UNUSED_FUNCTION = YES;
				GCC_WARN_UNUSED_VARIABLE = YES;
				IPHONEOS_DEPLOYMENT_TARGET = 14.4;
				MTL_ENABLE_DEBUG_INFO = INCLUDE_SOURCE;
				MTL_FAST_MATH = YES;
				ONLY_ACTIVE_ARCH = YES;
				SDKROOT = iphoneos;
				SWIFT_ACTIVE_COMPILATION_CONDITIONS = DEBUG;
				SWIFT_OPTIMIZATION_LEVEL = "-Onone";
			};
			name = Debug;
		};
		CE8AE58A262DB18A00AA9E5C /* Release */ = {
			isa = XCBuildConfiguration;
			buildSettings = {
				ALWAYS_SEARCH_USER_PATHS = NO;
				CLANG_ANALYZER_NONNULL = YES;
				CLANG_ANALYZER_NUMBER_OBJECT_CONVERSION = YES_AGGRESSIVE;
				CLANG_CXX_LANGUAGE_STANDARD = "gnu++14";
				CLANG_CXX_LIBRARY = "libc++";
				CLANG_ENABLE_MODULES = YES;
				CLANG_ENABLE_OBJC_ARC = YES;
				CLANG_ENABLE_OBJC_WEAK = YES;
				CLANG_WARN_BLOCK_CAPTURE_AUTORELEASING = YES;
				CLANG_WARN_BOOL_CONVERSION = YES;
				CLANG_WARN_COMMA = YES;
				CLANG_WARN_CONSTANT_CONVERSION = YES;
				CLANG_WARN_DEPRECATED_OBJC_IMPLEMENTATIONS = YES;
				CLANG_WARN_DIRECT_OBJC_ISA_USAGE = YES_ERROR;
				CLANG_WARN_DOCUMENTATION_COMMENTS = YES;
				CLANG_WARN_EMPTY_BODY = YES;
				CLANG_WARN_ENUM_CONVERSION = YES;
				CLANG_WARN_INFINITE_RECURSION = YES;
				CLANG_WARN_INT_CONVERSION = YES;
				CLANG_WARN_NON_LITERAL_NULL_CONVERSION = YES;
				CLANG_WARN_OBJC_IMPLICIT_RETAIN_SELF = YES;
				CLANG_WARN_OBJC_LITERAL_CONVERSION = YES;
				CLANG_WARN_OBJC_ROOT_CLASS = YES_ERROR;
				CLANG_WARN_QUOTED_INCLUDE_IN_FRAMEWORK_HEADER = YES;
				CLANG_WARN_RANGE_LOOP_ANALYSIS = YES;
				CLANG_WARN_STRICT_PROTOTYPES = YES;
				CLANG_WARN_SUSPICIOUS_MOVE = YES;
				CLANG_WARN_UNGUARDED_AVAILABILITY = YES_AGGRESSIVE;
				CLANG_WARN_UNREACHABLE_CODE = YES;
				CLANG_WARN__DUPLICATE_METHOD_MATCH = YES;
				COPY_PHASE_STRIP = NO;
				DEBUG_INFORMATION_FORMAT = "dwarf-with-dsym";
				ENABLE_NS_ASSERTIONS = NO;
				ENABLE_STRICT_OBJC_MSGSEND = YES;
				GCC_C_LANGUAGE_STANDARD = gnu11;
				GCC_NO_COMMON_BLOCKS = YES;
				GCC_WARN_64_TO_32_BIT_CONVERSION = YES;
				GCC_WARN_ABOUT_RETURN_TYPE = YES_ERROR;
				GCC_WARN_UNDECLARED_SELECTOR = YES;
				GCC_WARN_UNINITIALIZED_AUTOS = YES_AGGRESSIVE;
				GCC_WARN_UNUSED_FUNCTION = YES;
				GCC_WARN_UNUSED_VARIABLE = YES;
				IPHONEOS_DEPLOYMENT_TARGET = 14.4;
				MTL_ENABLE_DEBUG_INFO = NO;
				MTL_FAST_MATH = YES;
				SDKROOT = iphoneos;
				SWIFT_COMPILATION_MODE = wholemodule;
				SWIFT_OPTIMIZATION_LEVEL = "-O";
				VALIDATE_PRODUCT = YES;
			};
			name = Release;
		};
		CE8AE58C262DB18A00AA9E5C /* Debug */ = {
			isa = XCBuildConfiguration;
			buildSettings = {
				ASSETCATALOG_COMPILER_APPICON_NAME = AppIcon;
				ASSETCATALOG_COMPILER_GLOBAL_ACCENT_COLOR_NAME = AccentColor;
				CODE_SIGN_STYLE = Automatic;
				INFOPLIST_FILE = SignUpWindow/Info.plist;
				LD_RUNPATH_SEARCH_PATHS = (
					"$(inherited)",
					"@executable_path/Frameworks",
				);
				PRODUCT_BUNDLE_IDENTIFIER = com.malibin.SignUpWindow;
				PRODUCT_NAME = "$(TARGET_NAME)";
				SWIFT_VERSION = 5.0;
				TARGETED_DEVICE_FAMILY = "1,2";
			};
			name = Debug;
		};
		CE8AE58D262DB18A00AA9E5C /* Release */ = {
			isa = XCBuildConfiguration;
			buildSettings = {
				ASSETCATALOG_COMPILER_APPICON_NAME = AppIcon;
				ASSETCATALOG_COMPILER_GLOBAL_ACCENT_COLOR_NAME = AccentColor;
				CODE_SIGN_STYLE = Automatic;
				INFOPLIST_FILE = SignUpWindow/Info.plist;
				LD_RUNPATH_SEARCH_PATHS = (
					"$(inherited)",
					"@executable_path/Frameworks",
				);
				PRODUCT_BUNDLE_IDENTIFIER = com.malibin.SignUpWindow;
				PRODUCT_NAME = "$(TARGET_NAME)";
				SWIFT_VERSION = 5.0;
				TARGETED_DEVICE_FAMILY = "1,2";
			};
			name = Release;
		};
/* End XCBuildConfiguration section */

/* Begin XCConfigurationList section */
		CE8AE572262DB18A00AA9E5C /* Build configuration list for PBXProject "SignUpWindow" */ = {
			isa = XCConfigurationList;
			buildConfigurations = (
				CE8AE589262DB18A00AA9E5C /* Debug */,
				CE8AE58A262DB18A00AA9E5C /* Release */,
			);
			defaultConfigurationIsVisible = 0;
			defaultConfigurationName = Release;
		};
		CE8AE58B262DB18A00AA9E5C /* Build configuration list for PBXNativeTarget "SignUpWindow" */ = {
			isa = XCConfigurationList;
			buildConfigurations = (
				CE8AE58C262DB18A00AA9E5C /* Debug */,
				CE8AE58D262DB18A00AA9E5C /* Release */,
			);
			defaultConfigurationIsVisible = 0;
			defaultConfigurationName = Release;
		};
/* End XCConfigurationList section */
	};
	rootObject = CE8AE56F262DB18A00AA9E5C /* Project object */;
}
